{
  "name": "kloudpx-monorepo",
  "lockfileVersion": 3,
  "requires": true,
  "packages": {
    "": {
      "name": "kloudpx-monorepo",
      "workspaces": [
        "apps/web"
      ],
      "dependencies": {
        "victory": "^37.3.6"
      },
      "devDependencies": {
        "concurrently": "^9.1.2",
        "turbo": "^1.12.3"
      }
    },
    "node_modules/@types/d3-array": {
      "version": "3.2.1",
      "resolved": "https://registry.npmjs.org/@types/d3-array/-/d3-array-3.2.1.tgz",
      "integrity": "sha512-Y2Jn2idRrLzUfAKV2LyRImR+y4oa2AntrgID95SHJxuMUrkNXmanDSed71sRNZysveJVt1hLLemQZIady0FpEg=="
    },
    "node_modules/@types/d3-color": {
      "version": "3.1.3",
      "resolved": "https://registry.npmjs.org/@types/d3-color/-/d3-color-3.1.3.tgz",
      "integrity": "sha512-iO90scth9WAbmgv7ogoq57O9YpKmFBbmoEoCHDB2xMBY0+/KVrqAaCDyCE16dUspeOvIxFFRI+0sEtqDqy2b4A=="
    },
    "node_modules/@types/d3-ease": {
      "version": "3.0.2",
      "resolved": "https://registry.npmjs.org/@types/d3-ease/-/d3-ease-3.0.2.tgz",
      "integrity": "sha512-NcV1JjO5oDzoK26oMzbILE6HW7uVXOHLQvHshBUW4UMdZGfiY6v5BeQwh9a9tCzv+CeefZQHJt5SRgK154RtiA=="
    },
    "node_modules/@types/d3-interpolate": {
      "version": "3.0.4",
      "resolved": "https://registry.npmjs.org/@types/d3-interpolate/-/d3-interpolate-3.0.4.tgz",
      "integrity": "sha512-mgLPETlrpVV1YRJIglr4Ez47g7Yxjl1lj7YKsiMCb27VJH9W8NVM6Bb9d8kkpG/uAQS5AmbA48q2IAolKKo1MA==",
      "dependencies": {
        "@types/d3-color": "*"
      }
    },
    "node_modules/@types/d3-path": {
      "version": "3.1.1",
      "resolved": "https://registry.npmjs.org/@types/d3-path/-/d3-path-3.1.1.tgz",
      "integrity": "sha512-VMZBYyQvbGmWyWVea0EHs/BwLgxc+MKi1zLDCONksozI4YJMcTt8ZEuIR4Sb1MMTE8MMW49v0IwI5+b7RmfWlg=="
    },
    "node_modules/@types/d3-scale": {
      "version": "4.0.9",
      "resolved": "https://registry.npmjs.org/@types/d3-scale/-/d3-scale-4.0.9.tgz",
      "integrity": "sha512-dLmtwB8zkAeO/juAMfnV+sItKjlsw2lKdZVVy6LRr0cBmegxSABiLEpGVmSJJ8O08i4+sGR6qQtb6WtuwJdvVw==",
      "dependencies": {
        "@types/d3-time": "*"
      }
    },
    "node_modules/@types/d3-shape": {
      "version": "3.1.7",
      "resolved": "https://registry.npmjs.org/@types/d3-shape/-/d3-shape-3.1.7.tgz",
      "integrity": "sha512-VLvUQ33C+3J+8p+Daf+nYSOsjB4GXp19/S/aGo60m9h1v6XaxjiT82lKVWJCfzhtuZ3yD7i/TPeC/fuKLLOSmg==",
      "dependencies": {
        "@types/d3-path": "*"
      }
    },
    "node_modules/@types/d3-time": {
      "version": "3.0.4",
      "resolved": "https://registry.npmjs.org/@types/d3-time/-/d3-time-3.0.4.tgz",
      "integrity": "sha512-yuzZug1nkAAaBlBBikKZTgzCeA+k1uy4ZFwWANOfKw5z5LRhV0gNA7gNkKm7HoK+HRN0wX3EkxGk0fpbWhmB7g=="
    },
    "node_modules/@types/d3-timer": {
      "version": "3.0.2",
      "resolved": "https://registry.npmjs.org/@types/d3-timer/-/d3-timer-3.0.2.tgz",
      "integrity": "sha512-Ps3T8E8dZDam6fUyNiMkekK3XUsaUEik+idO9/YjPtfj2qruF8tFBXS7XhtE4iIXBLxhmLjP3SXpLhVf21I9Lw=="
    },
    "node_modules/ansi-regex": {
      "version": "5.0.1",
      "resolved": "https://registry.npmjs.org/ansi-regex/-/ansi-regex-5.0.1.tgz",
      "integrity": "sha512-quJQXlTSUGL2LH9SUXo8VwsY4soanhgo6LNSm84E1LBcE8s3O0wpdiRzyR9z/ZZJMlMWv37qOOb9pdJlMUEKFQ==",
      "dev": true,
      "engines": {
        "node": ">=8"
      }
    },
    "node_modules/ansi-styles": {
      "version": "4.3.0",
      "resolved": "https://registry.npmjs.org/ansi-styles/-/ansi-styles-4.3.0.tgz",
      "integrity": "sha512-zbB9rCJAT1rbjiVDb2hqKFHNYLxgtk8NURxZ3IZwD3F6NtxbXZQCnnSi1Lkx+IDohdPlFp222wVALIheZJQSEg==",
      "dev": true,
      "dependencies": {
        "color-convert": "^2.0.1"
      },
      "engines": {
        "node": ">=8"
      },
      "funding": {
        "url": "https://github.com/chalk/ansi-styles?sponsor=1"
      }
    },
    "node_modules/chalk": {
      "version": "4.1.2",
      "resolved": "https://registry.npmjs.org/chalk/-/chalk-4.1.2.tgz",
      "integrity": "sha512-oKnbhFyRIXpUuez8iBMmyEa4nbj4IOQyuhc/wy9kY7/WVPcwIO9VA668Pu8RkO7+0G76SLROeyw9CpQ061i4mA==",
      "dev": true,
      "dependencies": {
        "ansi-styles": "^4.1.0",
        "supports-color": "^7.1.0"
      },
      "engines": {
        "node": ">=10"
      },
      "funding": {
        "url": "https://github.com/chalk/chalk?sponsor=1"
      }
    },
    "node_modules/chalk/node_modules/supports-color": {
      "version": "7.2.0",
      "resolved": "https://registry.npmjs.org/supports-color/-/supports-color-7.2.0.tgz",
      "integrity": "sha512-qpCAvRl9stuOHveKsn7HncJRvv501qIacKzQlO/+Lwxc9+0q2wLyv4Dfvt80/DPn2pqOBsJdDiogXGR9+OvwRw==",
      "dev": true,
      "dependencies": {
        "has-flag": "^4.0.0"
      },
      "engines": {
        "node": ">=8"
      }
    },
    "node_modules/cliui": {
      "version": "8.0.1",
      "resolved": "https://registry.npmjs.org/cliui/-/cliui-8.0.1.tgz",
      "integrity": "sha512-BSeNnyus75C4//NQ9gQt1/csTXyo/8Sb+afLAkzAptFuMsod9HFokGNudZpi/oQV73hnVK+sR+5PVRMd+Dr7YQ==",
      "dev": true,
      "dependencies": {
        "string-width": "^4.2.0",
        "strip-ansi": "^6.0.1",
        "wrap-ansi": "^7.0.0"
      },
      "engines": {
        "node": ">=12"
      }
    },
    "node_modules/color-convert": {
      "version": "2.0.1",
      "resolved": "https://registry.npmjs.org/color-convert/-/color-convert-2.0.1.tgz",
      "integrity": "sha512-RRECPsj7iu/xb5oKYcsFHSppFNnsj/52OVTRKb4zP5onXwVF3zVmmToNcOfGC+CRDpfK/U584fMg38ZHCaElKQ==",
      "dev": true,
      "dependencies": {
        "color-name": "~1.1.4"
      },
      "engines": {
        "node": ">=7.0.0"
      }
    },
    "node_modules/color-name": {
      "version": "1.1.4",
      "resolved": "https://registry.npmjs.org/color-name/-/color-name-1.1.4.tgz",
      "integrity": "sha512-dOy+3AuW3a2wNbZHIuMZpTcgjGuLU/uBL/ubcZF9OXbDo8ff4O8yVp5Bf0efS8uEoYo5q4Fx7dY9OgQGXgAsQA==",
      "dev": true
    },
    "node_modules/concurrently": {
      "version": "9.1.2",
      "resolved": "https://registry.npmjs.org/concurrently/-/concurrently-9.1.2.tgz",
      "integrity": "sha512-H9MWcoPsYddwbOGM6difjVwVZHl63nwMEwDJG/L7VGtuaJhb12h2caPG2tVPWs7emuYix252iGfqOyrz1GczTQ==",
      "dev": true,
      "dependencies": {
        "chalk": "^4.1.2",
        "lodash": "^4.17.21",
        "rxjs": "^7.8.1",
        "shell-quote": "^1.8.1",
        "supports-color": "^8.1.1",
        "tree-kill": "^1.2.2",
        "yargs": "^17.7.2"
      },
      "bin": {
        "conc": "dist/bin/concurrently.js",
        "concurrently": "dist/bin/concurrently.js"
      },
      "engines": {
        "node": ">=18"
      },
      "funding": {
        "url": "https://github.com/open-cli-tools/concurrently?sponsor=1"
      }
    },
    "node_modules/d3-array": {
      "version": "3.2.4",
      "resolved": "https://registry.npmjs.org/d3-array/-/d3-array-3.2.4.tgz",
      "integrity": "sha512-tdQAmyA18i4J7wprpYq8ClcxZy3SC31QMeByyCFyRt7BVHdREQZ5lpzoe5mFEYZUWe+oq8HBvk9JjpibyEV4Jg==",
      "dependencies": {
        "internmap": "1 - 2"
      },
      "engines": {
        "node": ">=12"
      }
    },
    "node_modules/d3-color": {
      "version": "3.1.0",
      "resolved": "https://registry.npmjs.org/d3-color/-/d3-color-3.1.0.tgz",
      "integrity": "sha512-zg/chbXyeBtMQ1LbD/WSoW2DpC3I0mpmPdW+ynRTj/x2DAWYrIY7qeZIHidozwV24m4iavr15lNwIwLxRmOxhA==",
      "engines": {
        "node": ">=12"
      }
    },
    "node_modules/d3-ease": {
      "version": "3.0.1",
      "resolved": "https://registry.npmjs.org/d3-ease/-/d3-ease-3.0.1.tgz",
      "integrity": "sha512-wR/XK3D3XcLIZwpbvQwQ5fK+8Ykds1ip7A2Txe0yxncXSdq1L9skcG7blcedkOX+ZcgxGAmLX1FrRGbADwzi0w==",
      "engines": {
        "node": ">=12"
      }
    },
    "node_modules/d3-format": {
      "version": "3.1.0",
      "resolved": "https://registry.npmjs.org/d3-format/-/d3-format-3.1.0.tgz",
      "integrity": "sha512-YyUI6AEuY/Wpt8KWLgZHsIU86atmikuoOmCfommt0LYHiQSPjvX2AcFc38PX0CBpr2RCyZhjex+NS/LPOv6YqA==",
      "engines": {
        "node": ">=12"
      }
    },
    "node_modules/d3-interpolate": {
      "version": "3.0.1",
      "resolved": "https://registry.npmjs.org/d3-interpolate/-/d3-interpolate-3.0.1.tgz",
      "integrity": "sha512-3bYs1rOD33uo8aqJfKP3JWPAibgw8Zm2+L9vBKEHJ2Rg+viTR7o5Mmv5mZcieN+FRYaAOWX5SJATX6k1PWz72g==",
      "dependencies": {
        "d3-color": "1 - 3"
      },
      "engines": {
        "node": ">=12"
      }
    },
    "node_modules/d3-path": {
      "version": "3.1.0",
      "resolved": "https://registry.npmjs.org/d3-path/-/d3-path-3.1.0.tgz",
      "integrity": "sha512-p3KP5HCf/bvjBSSKuXid6Zqijx7wIfNW+J/maPs+iwR35at5JCbLUT0LzF1cnjbCHWhqzQTIN2Jpe8pRebIEFQ==",
      "engines": {
        "node": ">=12"
      }
    },
    "node_modules/d3-scale": {
      "version": "4.0.2",
      "resolved": "https://registry.npmjs.org/d3-scale/-/d3-scale-4.0.2.tgz",
      "integrity": "sha512-GZW464g1SH7ag3Y7hXjf8RoUuAFIqklOAq3MRl4OaWabTFJY9PN/E1YklhXLh+OQ3fM9yS2nOkCoS+WLZ6kvxQ==",
      "dependencies": {
        "d3-array": "2.10.0 - 3",
        "d3-format": "1 - 3",
        "d3-interpolate": "1.2.0 - 3",
        "d3-time": "2.1.1 - 3",
        "d3-time-format": "2 - 4"
      },
      "engines": {
        "node": ">=12"
      }
    },
    "node_modules/d3-shape": {
      "version": "3.2.0",
      "resolved": "https://registry.npmjs.org/d3-shape/-/d3-shape-3.2.0.tgz",
      "integrity": "sha512-SaLBuwGm3MOViRq2ABk3eLoxwZELpH6zhl3FbAoJ7Vm1gofKx6El1Ib5z23NUEhF9AsGl7y+dzLe5Cw2AArGTA==",
      "dependencies": {
        "d3-path": "^3.1.0"
      },
      "engines": {
        "node": ">=12"
      }
    },
    "node_modules/d3-time": {
      "version": "3.1.0",
      "resolved": "https://registry.npmjs.org/d3-time/-/d3-time-3.1.0.tgz",
      "integrity": "sha512-VqKjzBLejbSMT4IgbmVgDjpkYrNWUYJnbCGo874u7MMKIWsILRX+OpX/gTk8MqjpT1A/c6HY2dCA77ZN0lkQ2Q==",
      "dependencies": {
        "d3-array": "2 - 3"
      },
      "engines": {
        "node": ">=12"
      }
    },
    "node_modules/d3-time-format": {
      "version": "4.1.0",
      "resolved": "https://registry.npmjs.org/d3-time-format/-/d3-time-format-4.1.0.tgz",
      "integrity": "sha512-dJxPBlzC7NugB2PDLwo9Q8JiTR3M3e4/XANkreKSUxF8vvXKqm1Yfq4Q5dl8budlunRVlUUaDUgFt7eA8D6NLg==",
      "dependencies": {
        "d3-time": "1 - 3"
      },
      "engines": {
        "node": ">=12"
      }
    },
    "node_modules/d3-timer": {
      "version": "3.0.1",
      "resolved": "https://registry.npmjs.org/d3-timer/-/d3-timer-3.0.1.tgz",
      "integrity": "sha512-ndfJ/JxxMd3nw31uyKoY2naivF+r29V+Lc0svZxe1JvvIRmi8hUsrMvdOwgS1o6uBHmiz91geQ0ylPP0aj1VUA==",
      "engines": {
        "node": ">=12"
      }
    },
    "node_modules/d3-voronoi": {
      "version": "1.1.4",
      "resolved": "https://registry.npmjs.org/d3-voronoi/-/d3-voronoi-1.1.4.tgz",
      "integrity": "sha512-dArJ32hchFsrQ8uMiTBLq256MpnZjeuBtdHpaDlYuQyjU0CVzCJl/BVW+SkszaAeH95D/8gxqAhgx0ouAWAfRg=="
    },
    "node_modules/delaunator": {
      "version": "4.0.1",
      "resolved": "https://registry.npmjs.org/delaunator/-/delaunator-4.0.1.tgz",
      "integrity": "sha512-WNPWi1IRKZfCt/qIDMfERkDp93+iZEmOxN2yy4Jg+Xhv8SLk2UTqqbe1sfiipn0and9QrE914/ihdx82Y/Giag=="
    },
    "node_modules/delaunay-find": {
      "version": "0.0.6",
      "resolved": "https://registry.npmjs.org/delaunay-find/-/delaunay-find-0.0.6.tgz",
      "integrity": "sha512-1+almjfrnR7ZamBk0q3Nhg6lqSe6Le4vL0WJDSMx4IDbQwTpUTXPjxC00lqLBT8MYsJpPCbI16sIkw9cPsbi7Q==",
      "dependencies": {
        "delaunator": "^4.0.0"
      }
    },
    "node_modules/emoji-regex": {
      "version": "8.0.0",
      "resolved": "https://registry.npmjs.org/emoji-regex/-/emoji-regex-8.0.0.tgz",
      "integrity": "sha512-MSjYzcWNOA0ewAHpz0MxpYFvwg6yjy1NG3xteoqz644VCo/RPgnr1/GGt+ic3iJTzQ8Eu3TdM14SawnVUmGE6A==",
      "dev": true
    },
    "node_modules/escalade": {
      "version": "3.2.0",
      "resolved": "https://registry.npmjs.org/escalade/-/escalade-3.2.0.tgz",
      "integrity": "sha512-WUj2qlxaQtO4g6Pq5c29GTcWGDyd8itL8zTlipgECz3JesAiiOKotd8JU6otB3PACgG6xkJUyVhboMS+bje/jA==",
      "dev": true,
      "engines": {
        "node": ">=6"
      }
    },
    "node_modules/get-caller-file": {
      "version": "2.0.5",
      "resolved": "https://registry.npmjs.org/get-caller-file/-/get-caller-file-2.0.5.tgz",
      "integrity": "sha512-DyFP3BM/3YHTQOCUL/w0OZHR0lpKeGrxotcHWcqNEdnltqFwXVfhEBQ94eIo34AfQpo0rGki4cyIiftY06h2Fg==",
      "dev": true,
      "engines": {
        "node": "6.* || 8.* || >= 10.*"
      }
    },
    "node_modules/has-flag": {
      "version": "4.0.0",
      "resolved": "https://registry.npmjs.org/has-flag/-/has-flag-4.0.0.tgz",
      "integrity": "sha512-EykJT/Q1KjTWctppgIAgfSO0tKVuZUjhgMr17kqTumMl6Afv3EISleU7qZUzoXDFTAHTDC4NOoG/ZxU3EvlMPQ==",
      "dev": true,
      "engines": {
        "node": ">=8"
      }
    },
    "node_modules/internmap": {
      "version": "2.0.3",
      "resolved": "https://registry.npmjs.org/internmap/-/internmap-2.0.3.tgz",
      "integrity": "sha512-5Hh7Y1wQbvY5ooGgPbDaL5iYLAPzMTUrjMulskHLH6wnv/A+1q5rgEaiuqEjB+oxGXIVZs1FF+R/KPN3ZSQYYg==",
      "engines": {
        "node": ">=12"
      }
    },
    "node_modules/is-fullwidth-code-point": {
      "version": "3.0.0",
      "resolved": "https://registry.npmjs.org/is-fullwidth-code-point/-/is-fullwidth-code-point-3.0.0.tgz",
      "integrity": "sha512-zymm5+u+sCsSWyD9qNaejV3DFvhCKclKdizYaJUuHA83RLjb7nSuGnddCHGv0hk+KY7BMAlsWeK4Ueg6EV6XQg==",
      "dev": true,
      "engines": {
        "node": ">=8"
      }
    },
    "node_modules/json-stringify-safe": {
      "version": "5.0.1",
      "resolved": "https://registry.npmjs.org/json-stringify-safe/-/json-stringify-safe-5.0.1.tgz",
      "integrity": "sha512-ZClg6AaYvamvYEE82d3Iyd3vSSIjQ+odgjaTzRuO3s7toCdFKczob2i0zCh7JE8kWn17yvAWhUVxvqGwUalsRA=="
    },
    "node_modules/lodash": {
      "version": "4.17.21",
      "resolved": "https://registry.npmjs.org/lodash/-/lodash-4.17.21.tgz",
      "integrity": "sha512-v2kDEe57lecTulaDIuNTPy3Ry4gLGJ6Z1O3vE1krgXZNrsQ+LFTGHVxVjcXPs17LhbZVGedAJv8XZ1tvj5FvSg=="
    },
    "node_modules/react-fast-compare": {
      "version": "3.2.2",
      "resolved": "https://registry.npmjs.org/react-fast-compare/-/react-fast-compare-3.2.2.tgz",
      "integrity": "sha512-nsO+KSNgo1SbJqJEYRE9ERzo7YtYbou/OqjSQKxV7jcKox7+usiUVZOAC+XnDOABXggQTno0Y1CpVnuWEc1boQ=="
    },
    "node_modules/require-directory": {
      "version": "2.1.1",
      "resolved": "https://registry.npmjs.org/require-directory/-/require-directory-2.1.1.tgz",
      "integrity": "sha512-fGxEI7+wsG9xrvdjsrlmL22OMTTiHRwAMroiEeMgq8gzoLC/PQr7RsRDSTLUg/bZAZtF+TVIkHc6/4RIKrui+Q==",
      "dev": true,
      "engines": {
        "node": ">=0.10.0"
      }
    },
    "node_modules/rxjs": {
      "version": "7.8.2",
      "resolved": "https://registry.npmjs.org/rxjs/-/rxjs-7.8.2.tgz",
      "integrity": "sha512-dhKf903U/PQZY6boNNtAGdWbG85WAbjT/1xYoZIC7FAY0yWapOBQVsVrDl58W86//e1VpMNBtRV4MaXfdMySFA==",
      "dev": true,
      "dependencies": {
        "tslib": "^2.1.0"
      }
    },
    "node_modules/shell-quote": {
      "version": "1.8.3",
      "resolved": "https://registry.npmjs.org/shell-quote/-/shell-quote-1.8.3.tgz",
      "integrity": "sha512-ObmnIF4hXNg1BqhnHmgbDETF8dLPCggZWBjkQfhZpbszZnYur5DUljTcCHii5LC3J5E0yeO/1LIMyH+UvHQgyw==",
      "dev": true,
      "engines": {
        "node": ">= 0.4"
      },
      "funding": {
        "url": "https://github.com/sponsors/ljharb"
      }
    },
    "node_modules/string-width": {
      "version": "4.2.3",
      "resolved": "https://registry.npmjs.org/string-width/-/string-width-4.2.3.tgz",
      "integrity": "sha512-wKyQRQpjJ0sIp62ErSZdGsjMJWsap5oRNihHhu6G7JVO/9jIB6UyevL+tXuOqrng8j/cxKTWyWUwvSTriiZz/g==",
      "dev": true,
      "dependencies": {
        "emoji-regex": "^8.0.0",
        "is-fullwidth-code-point": "^3.0.0",
        "strip-ansi": "^6.0.1"
      },
      "engines": {
        "node": ">=8"
      }
    },
    "node_modules/strip-ansi": {
      "version": "6.0.1",
      "resolved": "https://registry.npmjs.org/strip-ansi/-/strip-ansi-6.0.1.tgz",
      "integrity": "sha512-Y38VPSHcqkFrCpFnQ9vuSXmquuv5oXOKpGeT6aGrr3o3Gc9AlVa6JBfUSOCnbxGGZF+/0ooI7KrPuUSztUdU5A==",
      "dev": true,
      "dependencies": {
        "ansi-regex": "^5.0.1"
      },
      "engines": {
        "node": ">=8"
      }
    },
    "node_modules/supports-color": {
      "version": "8.1.1",
      "resolved": "https://registry.npmjs.org/supports-color/-/supports-color-8.1.1.tgz",
      "integrity": "sha512-MpUEN2OodtUzxvKQl72cUF7RQ5EiHsGvSsVG0ia9c5RbWGL2CI4C7EpPS8UTBIplnlzZiNuV56w+FuNxy3ty2Q==",
      "dev": true,
      "dependencies": {
        "has-flag": "^4.0.0"
      },
      "engines": {
        "node": ">=10"
      },
      "funding": {
        "url": "https://github.com/chalk/supports-color?sponsor=1"
      }
    },
    "node_modules/tree-kill": {
      "version": "1.2.2",
      "resolved": "https://registry.npmjs.org/tree-kill/-/tree-kill-1.2.2.tgz",
      "integrity": "sha512-L0Orpi8qGpRG//Nd+H90vFB+3iHnue1zSSGmNOOCh1GLJ7rUKVwV2HvijphGQS2UmhUZewS9VgvxYIdgr+fG1A==",
      "dev": true,
      "bin": {
        "tree-kill": "cli.js"
      }
    },
    "node_modules/tslib": {
      "version": "2.8.1",
      "resolved": "https://registry.npmjs.org/tslib/-/tslib-2.8.1.tgz",
      "integrity": "sha512-oJFu94HQb+KVduSUQL7wnpmqnfmLsOA/nAh6b6EH0wCEoK0/mPeXU6c3wKDV83MkOuHPRHtSXKKU99IBazS/2w==",
      "dev": true
    },
    "node_modules/turbo": {
      "version": "1.13.4",
      "resolved": "https://registry.npmjs.org/turbo/-/turbo-1.13.4.tgz",
      "integrity": "sha512-1q7+9UJABuBAHrcC4Sxp5lOqYS5mvxRrwa33wpIyM18hlOCpRD/fTJNxZ0vhbMcJmz15o9kkVm743mPn7p6jpQ==",
      "dev": true,
      "bin": {
        "turbo": "bin/turbo"
      },
      "optionalDependencies": {
        "turbo-darwin-64": "1.13.4",
        "turbo-darwin-arm64": "1.13.4",
        "turbo-linux-64": "1.13.4",
        "turbo-linux-arm64": "1.13.4",
        "turbo-windows-64": "1.13.4",
        "turbo-windows-arm64": "1.13.4"
      }
    },
    "node_modules/turbo-darwin-64": {
      "version": "1.13.4",
      "resolved": "https://registry.npmjs.org/turbo-darwin-64/-/turbo-darwin-64-1.13.4.tgz",
      "integrity": "sha512-A0eKd73R7CGnRinTiS7txkMElg+R5rKFp9HV7baDiEL4xTG1FIg/56Vm7A5RVgg8UNgG2qNnrfatJtb+dRmNdw==",
      "cpu": [
        "x64"
      ],
      "dev": true,
      "optional": true,
      "os": [
        "darwin"
      ]
    },
    "node_modules/turbo-darwin-arm64": {
      "version": "1.13.4",
      "resolved": "https://registry.npmjs.org/turbo-darwin-arm64/-/turbo-darwin-arm64-1.13.4.tgz",
      "integrity": "sha512-eG769Q0NF6/Vyjsr3mKCnkG/eW6dKMBZk6dxWOdrHfrg6QgfkBUk0WUUujzdtVPiUIvsh4l46vQrNVd9EOtbyA==",
      "cpu": [
        "arm64"
      ],
      "dev": true,
      "optional": true,
      "os": [
        "darwin"
      ]
    },
    "node_modules/turbo-linux-64": {
      "version": "1.13.4",
      "resolved": "https://registry.npmjs.org/turbo-linux-64/-/turbo-linux-64-1.13.4.tgz",
      "integrity": "sha512-Bq0JphDeNw3XEi+Xb/e4xoKhs1DHN7OoLVUbTIQz+gazYjigVZvtwCvgrZI7eW9Xo1eOXM2zw2u1DGLLUfmGkQ==",
      "cpu": [
        "x64"
      ],
      "dev": true,
      "optional": true,
      "os": [
        "linux"
      ]
    },
    "node_modules/turbo-linux-arm64": {
      "version": "1.13.4",
      "resolved": "https://registry.npmjs.org/turbo-linux-arm64/-/turbo-linux-arm64-1.13.4.tgz",
      "integrity": "sha512-BJcXw1DDiHO/okYbaNdcWN6szjXyHWx9d460v6fCHY65G8CyqGU3y2uUTPK89o8lq/b2C8NK0yZD+Vp0f9VoIg==",
      "cpu": [
        "arm64"
      ],
      "dev": true,
      "optional": true,
      "os": [
        "linux"
      ]
    },
    "node_modules/turbo-windows-64": {
      "version": "1.13.4",
      "resolved": "https://registry.npmjs.org/turbo-windows-64/-/turbo-windows-64-1.13.4.tgz",
      "integrity": "sha512-OFFhXHOFLN7A78vD/dlVuuSSVEB3s9ZBj18Tm1hk3aW1HTWTuAw0ReN6ZNlVObZUHvGy8d57OAGGxf2bT3etQw==",
      "cpu": [
        "x64"
      ],
      "dev": true,
      "optional": true,
      "os": [
        "win32"
      ]
    },
    "node_modules/turbo-windows-arm64": {
      "version": "1.13.4",
      "resolved": "https://registry.npmjs.org/turbo-windows-arm64/-/turbo-windows-arm64-1.13.4.tgz",
      "integrity": "sha512-u5A+VOKHswJJmJ8o8rcilBfU5U3Y1TTAfP9wX8bFh8teYF1ghP0EhtMRLjhtp6RPa+XCxHHVA2CiC3gbh5eg5g==",
      "cpu": [
        "arm64"
      ],
      "dev": true,
      "optional": true,
      "os": [
        "win32"
      ]
    },
    "node_modules/victory": {
      "version": "37.3.6",
      "resolved": "https://registry.npmjs.org/victory/-/victory-37.3.6.tgz",
      "integrity": "sha512-CZ1vjvra0R1U3T2dMI4EsjI8Ng+JmQ2ox/EweSzjkTnHfW/Vn5ylryadawDiYjDMcBvABjO3uODsIlSEm4d/Sw==",
      "dependencies": {
        "victory-area": "37.3.6",
        "victory-axis": "37.3.6",
        "victory-bar": "37.3.6",
        "victory-box-plot": "37.3.6",
        "victory-brush-container": "37.3.6",
        "victory-brush-line": "37.3.6",
        "victory-candlestick": "37.3.6",
        "victory-canvas": "37.3.6",
        "victory-chart": "37.3.6",
        "victory-core": "37.3.6",
        "victory-create-container": "37.3.6",
        "victory-cursor-container": "37.3.6",
        "victory-errorbar": "37.3.6",
        "victory-group": "37.3.6",
        "victory-histogram": "37.3.6",
        "victory-legend": "37.3.6",
        "victory-line": "37.3.6",
        "victory-pie": "37.3.6",
        "victory-polar-axis": "37.3.6",
        "victory-scatter": "37.3.6",
        "victory-selection-container": "37.3.6",
        "victory-shared-events": "37.3.6",
        "victory-stack": "37.3.6",
        "victory-tooltip": "37.3.6",
        "victory-voronoi": "37.3.6",
        "victory-voronoi-container": "37.3.6",
        "victory-zoom-container": "37.3.6"
      },
      "engines": {
        "node": ">=18.0.0"
      },
      "peerDependencies": {
        "react": ">=16.6.0"
      }
    },
    "node_modules/victory-area": {
      "version": "37.3.6",
      "resolved": "https://registry.npmjs.org/victory-area/-/victory-area-37.3.6.tgz",
      "integrity": "sha512-wVC8LKrZJLiSySNuJLRCB449qZTsPiRyzLlNoJwe21y+XA/a2HJbmJSeywmo8P153aX8viKe1H8ygDsTFXQhHw==",
      "dependencies": {
        "lodash": "^4.17.19",
        "victory-core": "37.3.6",
        "victory-vendor": "37.3.6"
      },
      "engines": {
        "node": ">=18.0.0"
      },
      "peerDependencies": {
        "react": ">=16.6.0"
      }
    },
    "node_modules/victory-axis": {
      "version": "37.3.6",
      "resolved": "https://registry.npmjs.org/victory-axis/-/victory-axis-37.3.6.tgz",
      "integrity": "sha512-Vi0dZvgmXmnCdoqc49WckeG5cMXnl7FTtqVhXu9JweA9cgCnkZabBd5mRvAjblb3Lo4j0HZCSPKHYWUPW70qZg==",
      "dependencies": {
        "lodash": "^4.17.19",
        "victory-core": "37.3.6"
      },
      "engines": {
        "node": ">=18.0.0"
      },
      "peerDependencies": {
        "react": ">=16.6.0"
      }
    },
    "node_modules/victory-bar": {
      "version": "37.3.6",
      "resolved": "https://registry.npmjs.org/victory-bar/-/victory-bar-37.3.6.tgz",
      "integrity": "sha512-jdATFRWL1LUW/yEpKWx/aId2BiU2o1pPF9+Kh1TFISBduJoI4ZqvZD90H1QK4f/z50PikqiqiDECaKoKM1jfOQ==",
      "dependencies": {
        "lodash": "^4.17.19",
        "victory-core": "37.3.6",
        "victory-vendor": "37.3.6"
      },
      "engines": {
        "node": ">=18.0.0"
      },
      "peerDependencies": {
        "react": ">=16.6.0"
      }
    },
    "node_modules/victory-box-plot": {
      "version": "37.3.6",
      "resolved": "https://registry.npmjs.org/victory-box-plot/-/victory-box-plot-37.3.6.tgz",
      "integrity": "sha512-GOucnD63h14ScBuISC/nd1GBTEx6gIZfLE+0P0gyeH1poBKq0trTTvpQDvAMuGR8zICfEETG3ltmUMCwRrFyUg==",
      "dependencies": {
        "lodash": "^4.17.19",
        "victory-core": "37.3.6",
        "victory-vendor": "37.3.6"
      },
      "engines": {
        "node": ">=18.0.0"
      },
      "peerDependencies": {
        "react": ">=16.6.0"
      }
    },
    "node_modules/victory-brush-container": {
      "version": "37.3.6",
      "resolved": "https://registry.npmjs.org/victory-brush-container/-/victory-brush-container-37.3.6.tgz",
      "integrity": "sha512-LfZ2CgX1cYAqCtYxcSB68OfZS2v0T2VLXoEArd0lCXfRBY1Gya7GacCUcuo7GoK9XOXeslx7S/U95aVutt1VLg==",
      "dependencies": {
        "lodash": "^4.17.19",
        "react-fast-compare": "^3.2.0",
        "victory-core": "37.3.6"
      },
      "engines": {
        "node": ">=18.0.0"
      },
      "peerDependencies": {
        "react": ">=16.6.0"
      }
    },
    "node_modules/victory-brush-line": {
      "version": "37.3.6",
      "resolved": "https://registry.npmjs.org/victory-brush-line/-/victory-brush-line-37.3.6.tgz",
      "integrity": "sha512-zsZJfF1fUj4F7mUoIMV+h73qoTClPA4bKM1terlYrDBD8l/c/f0KBbEotu3E1X+n4QMmDRruswaB/YUdqK5QLA==",
      "dependencies": {
        "lodash": "^4.17.19",
        "react-fast-compare": "^3.2.0",
        "victory-core": "37.3.6"
      },
      "engines": {
        "node": ">=18.0.0"
      },
      "peerDependencies": {
        "react": ">=16.6.0"
      }
    },
    "node_modules/victory-candlestick": {
      "version": "37.3.6",
      "resolved": "https://registry.npmjs.org/victory-candlestick/-/victory-candlestick-37.3.6.tgz",
      "integrity": "sha512-h/mOmkCrsWrirn4dFnpLxJPXpxT+uHxuYxnXGrAyH+YUOrVj3iKaDJlEiVlz5vy30syE5j5hzTQCMsZ/hzHNdg==",
      "dependencies": {
        "lodash": "^4.17.19",
        "victory-core": "37.3.6"
      },
      "engines": {
        "node": ">=18.0.0"
      },
      "peerDependencies": {
        "react": ">=16.6.0"
      }
    },
    "node_modules/victory-canvas": {
      "version": "37.3.6",
      "resolved": "https://registry.npmjs.org/victory-canvas/-/victory-canvas-37.3.6.tgz",
      "integrity": "sha512-1CD4S0uZ92sUGGSIEQferEfSqd/z9EXw9G6zkzPIoJeTKFshpfqCjUkNRx9Iu9Upxt3fUpId8Qwl1YfchmbrFg==",
      "dependencies": {
        "lodash": "^4.17.19",
        "victory-bar": "37.3.6",
        "victory-core": "37.3.6"
      },
      "engines": {
        "node": ">=18.0.0"
      },
      "peerDependencies": {
        "react": ">=16.6.0"
      }
    },
    "node_modules/victory-chart": {
      "version": "37.3.6",
      "resolved": "https://registry.npmjs.org/victory-chart/-/victory-chart-37.3.6.tgz",
      "integrity": "sha512-IkPo/W4AJ7bPu902TGER09OseR9ODm+FQAKfOBw4JsdEhZZ7BiG9zgd/25+x0r5EsTLu81CYGQVkBa+ZazcOlA==",
      "dependencies": {
        "lodash": "^4.17.19",
        "react-fast-compare": "^3.2.0",
        "victory-axis": "37.3.6",
        "victory-core": "37.3.6",
        "victory-polar-axis": "37.3.6",
        "victory-shared-events": "37.3.6"
      },
      "engines": {
        "node": ">=18.0.0"
      },
      "peerDependencies": {
        "react": ">=16.6.0"
      }
    },
    "node_modules/victory-core": {
      "version": "37.3.6",
      "resolved": "https://registry.npmjs.org/victory-core/-/victory-core-37.3.6.tgz",
      "integrity": "sha512-aFgO6KokxPbUCPznZP5UPhOdI22pMuwDXKDt6eoQOnkVim66Ia+K95TQar2nwVKGYV5j26aKVf/n9blwphGJRw==",
      "dependencies": {
        "lodash": "^4.17.21",
        "react-fast-compare": "^3.2.0",
        "victory-vendor": "37.3.6"
      },
      "engines": {
        "node": ">=18.0.0"
      },
      "peerDependencies": {
        "react": ">=16.6.0"
      }
    },
    "node_modules/victory-create-container": {
      "version": "37.3.6",
      "resolved": "https://registry.npmjs.org/victory-create-container/-/victory-create-container-37.3.6.tgz",
      "integrity": "sha512-Uf5bFQvqUsXCjqpvBW4LhrdrHkM6dBqxYgub6FCsBb86f84xZQ3vY7jFkg/JfvF0oGKMoWXYYrYLC1sk+fcWVA==",
      "dependencies": {
        "lodash": "^4.17.19",
        "victory-brush-container": "37.3.6",
        "victory-core": "37.3.6",
        "victory-cursor-container": "37.3.6",
        "victory-selection-container": "37.3.6",
        "victory-voronoi-container": "37.3.6",
        "victory-zoom-container": "37.3.6"
      },
      "engines": {
        "node": ">=18.0.0"
      },
      "peerDependencies": {
        "react": ">=16.6.0"
      }
    },
    "node_modules/victory-cursor-container": {
      "version": "37.3.6",
      "resolved": "https://registry.npmjs.org/victory-cursor-container/-/victory-cursor-container-37.3.6.tgz",
      "integrity": "sha512-+Oiw57d5nE+iq8As8RvepknzmNtKq1Gsc50u1X3IRd4jXtX8zqZrgXGlVZ+BP/tkLsWnGYVjKulwKBf2oaEUuw==",
      "dependencies": {
        "lodash": "^4.17.19",
        "victory-core": "37.3.6"
      },
      "engines": {
        "node": ">=18.0.0"
      },
      "peerDependencies": {
        "react": ">=16.6.0"
      }
    },
    "node_modules/victory-errorbar": {
      "version": "37.3.6",
      "resolved": "https://registry.npmjs.org/victory-errorbar/-/victory-errorbar-37.3.6.tgz",
      "integrity": "sha512-WGAv/qizOlfmwKv+Yfxr4q6pDgTfloNQwi3Z3M0h8povjMZt74tHYkvi/TASSRYr3zv5kjUqUJ28qAyGMWwryQ==",
      "dependencies": {
        "lodash": "^4.17.19",
        "victory-core": "37.3.6"
      },
      "engines": {
        "node": ">=18.0.0"
      },
      "peerDependencies": {
        "react": ">=16.6.0"
      }
    },
    "node_modules/victory-group": {
      "version": "37.3.6",
      "resolved": "https://registry.npmjs.org/victory-group/-/victory-group-37.3.6.tgz",
      "integrity": "sha512-kgy/Azl5BxwlJAV0KDPGypv35TMrOD1J2ZxnJW2Wyyq+e8i0GGBIv5MoBzou64BRsDlS9V0CYRIjnkHgrBpB5w==",
      "dependencies": {
        "lodash": "^4.17.19",
        "react-fast-compare": "^3.2.0",
        "victory-core": "37.3.6",
        "victory-shared-events": "37.3.6"
      },
      "engines": {
        "node": ">=18.0.0"
      },
      "peerDependencies": {
        "react": ">=16.6.0"
      }
    },
    "node_modules/victory-histogram": {
      "version": "37.3.6",
      "resolved": "https://registry.npmjs.org/victory-histogram/-/victory-histogram-37.3.6.tgz",
      "integrity": "sha512-K4d43MpXHYnGCLEMzfRpJ+lCRRDKALPi/juxfMGVzBPzSMgjC8h9x6hKdxaejiTd/E04UdzNO7J24plL3Uz8rA==",
      "dependencies": {
        "lodash": "^4.17.19",
        "react-fast-compare": "^3.2.0",
        "victory-bar": "37.3.6",
        "victory-core": "37.3.6",
        "victory-vendor": "37.3.6"
      },
      "engines": {
        "node": ">=18.0.0"
      },
      "peerDependencies": {
        "react": ">=16.6.0"
      }
    },
    "node_modules/victory-legend": {
      "version": "37.3.6",
      "resolved": "https://registry.npmjs.org/victory-legend/-/victory-legend-37.3.6.tgz",
      "integrity": "sha512-vRRrhj3/ENqKVLdaBMzEmR83N6BOjox1bthYT1eJjN2H5SIK35bxn30IkiV/Pz3y627EqZe4TAWaxc0jiJlCiA==",
      "dependencies": {
        "lodash": "^4.17.19",
        "victory-core": "37.3.6"
      },
      "engines": {
        "node": ">=18.0.0"
      },
      "peerDependencies": {
        "react": ">=16.6.0"
      }
    },
    "node_modules/victory-line": {
      "version": "37.3.6",
      "resolved": "https://registry.npmjs.org/victory-line/-/victory-line-37.3.6.tgz",
      "integrity": "sha512-Ke817uf/qFbN9jU7Dba7CrcHXYO5wAZuKKnyeHJmLDeQeFST0773xejnIuC+dBgZipjFr4KIbSd+VcUafFNE1g==",
      "dependencies": {
        "lodash": "^4.17.19",
        "victory-core": "37.3.6",
        "victory-vendor": "37.3.6"
      },
      "engines": {
        "node": ">=18.0.0"
      },
      "peerDependencies": {
        "react": ">=16.6.0"
      }
    },
    "node_modules/victory-pie": {
      "version": "37.3.6",
      "resolved": "https://registry.npmjs.org/victory-pie/-/victory-pie-37.3.6.tgz",
      "integrity": "sha512-tvdgAZ/HQWlo3KDDe0XAVbizHuaNMbgkkiF7zfA7Ww+3bHSs+0P9dsDtK2xP365D8gBCOv8pWmuzvKRhzNbqeA==",
      "dependencies": {
        "lodash": "^4.17.19",
        "victory-core": "37.3.6",
        "victory-vendor": "37.3.6"
      },
      "engines": {
        "node": ">=18.0.0"
      },
      "peerDependencies": {
        "react": ">=16.6.0"
      }
    },
    "node_modules/victory-polar-axis": {
      "version": "37.3.6",
      "resolved": "https://registry.npmjs.org/victory-polar-axis/-/victory-polar-axis-37.3.6.tgz",
      "integrity": "sha512-RpFsCkzHezJq5P+C/wtVdjEHX25JIFsSgs6qYSnfr/hayaFbWgK5HhRFpriQm5hg61cx47WxAOLyHvzf0nasvw==",
      "dependencies": {
        "lodash": "^4.17.19",
        "victory-core": "37.3.6"
      },
      "engines": {
        "node": ">=18.0.0"
      },
      "peerDependencies": {
        "react": ">=16.6.0"
      }
    },
    "node_modules/victory-scatter": {
      "version": "37.3.6",
      "resolved": "https://registry.npmjs.org/victory-scatter/-/victory-scatter-37.3.6.tgz",
      "integrity": "sha512-fp95zMTPXgW1cmTowzDXhn+KxePMVDrzU0lotsHQMdBV7eB+ioXdu9hORlx4VHmMYg2ihsGwRTF+VAZ7rGxphA==",
      "dependencies": {
        "lodash": "^4.17.19",
        "victory-core": "37.3.6"
      },
      "engines": {
        "node": ">=18.0.0"
      },
      "peerDependencies": {
        "react": ">=16.6.0"
      }
    },
    "node_modules/victory-selection-container": {
      "version": "37.3.6",
      "resolved": "https://registry.npmjs.org/victory-selection-container/-/victory-selection-container-37.3.6.tgz",
      "integrity": "sha512-gd3qODDlBtLEJM7+2jCXk2YcLBUmIpYEEHswytMhwc6zihxXipGBUHRulhLj/I05mKay2gaOAg5ewiJHd4Awgw==",
      "dependencies": {
        "lodash": "^4.17.19",
        "victory-core": "37.3.6"
      },
      "engines": {
        "node": ">=18.0.0"
      },
      "peerDependencies": {
        "react": ">=16.6.0"
      }
    },
    "node_modules/victory-shared-events": {
      "version": "37.3.6",
      "resolved": "https://registry.npmjs.org/victory-shared-events/-/victory-shared-events-37.3.6.tgz",
      "integrity": "sha512-ygrbOtzLUTbtKebacZKyQRekhSAROnAvMkVI/PKsAGsz0ClY9P7qDEJG7eTUUygjO6ax0tI6WNE6JogQzeD1gw==",
      "dependencies": {
        "json-stringify-safe": "^5.0.1",
        "lodash": "^4.17.19",
        "react-fast-compare": "^3.2.0",
        "victory-core": "37.3.6"
      },
      "engines": {
        "node": ">=18.0.0"
      },
      "peerDependencies": {
        "react": ">=16.6.0"
      }
    },
    "node_modules/victory-stack": {
      "version": "37.3.6",
      "resolved": "https://registry.npmjs.org/victory-stack/-/victory-stack-37.3.6.tgz",
      "integrity": "sha512-ldod04RdqGJGH5p5eWXCofdTkbhZqIp3iwW7NpxSbMDLs8zPQIVvDFVtuJgMwQiC5vnIpbhMmxVeFbr8m64ZKA==",
      "dependencies": {
        "lodash": "^4.17.19",
        "react-fast-compare": "^3.2.0",
        "victory-core": "37.3.6",
        "victory-shared-events": "37.3.6"
      },
      "engines": {
        "node": ">=18.0.0"
      },
      "peerDependencies": {
        "react": ">=16.6.0"
      }
    },
    "node_modules/victory-tooltip": {
      "version": "37.3.6",
      "resolved": "https://registry.npmjs.org/victory-tooltip/-/victory-tooltip-37.3.6.tgz",
      "integrity": "sha512-vqaJS9noauOqDDBBAV9Ln9duOY/i17h1DCfCPAqhwPFyvFbwKvAub9zPTeYWAm/14VvWX5O/0yekFCVbcC7hjg==",
      "dependencies": {
        "lodash": "^4.17.19",
        "victory-core": "37.3.6"
      },
      "engines": {
        "node": ">=18.0.0"
      },
      "peerDependencies": {
        "react": ">=16.6.0"
      }
    },
    "node_modules/victory-vendor": {
      "version": "37.3.6",
      "resolved": "https://registry.npmjs.org/victory-vendor/-/victory-vendor-37.3.6.tgz",
      "integrity": "sha512-SbPDPdDBYp+5MJHhBCAyI7wKM3d5ivekigc2Dk2s7pgbZ9wIgIBYGVw4zGHBml/qTFbexrofXW6Gu4noGxrOwQ==",
      "dependencies": {
        "@types/d3-array": "^3.0.3",
        "@types/d3-ease": "^3.0.0",
        "@types/d3-interpolate": "^3.0.1",
        "@types/d3-scale": "^4.0.2",
        "@types/d3-shape": "^3.1.0",
        "@types/d3-time": "^3.0.0",
        "@types/d3-timer": "^3.0.0",
        "d3-array": "^3.1.6",
        "d3-ease": "^3.0.1",
        "d3-interpolate": "^3.0.1",
        "d3-scale": "^4.0.2",
        "d3-shape": "^3.1.0",
        "d3-time": "^3.0.0",
        "d3-timer": "^3.0.1"
      }
    },
    "node_modules/victory-voronoi": {
      "version": "37.3.6",
      "resolved": "https://registry.npmjs.org/victory-voronoi/-/victory-voronoi-37.3.6.tgz",
      "integrity": "sha512-Q+1FWHp8IAbmDL9pGWS0y0N4Cb5qmD9OOgxoxCfIDsLlhGvd6LddhRoknWsN7WnreaK+XiwjSfQkdMTCZ4hdhQ==",
      "dependencies": {
        "d3-voronoi": "^1.1.4",
        "lodash": "^4.17.19",
        "victory-core": "37.3.6"
      },
      "engines": {
        "node": ">=18.0.0"
      },
      "peerDependencies": {
        "react": ">=16.6.0"
      }
    },
    "node_modules/victory-voronoi-container": {
      "version": "37.3.6",
      "resolved": "https://registry.npmjs.org/victory-voronoi-container/-/victory-voronoi-container-37.3.6.tgz",
      "integrity": "sha512-qAAG0rMuK7A4EoJ4cyUk5wNdOW+HuCXNKPOko+hYK6wWOYXJvFhiglYyA85a695YyAXECc6JyJS/crm4IOEFag==",
      "dependencies": {
        "delaunay-find": "0.0.6",
        "lodash": "^4.17.19",
        "react-fast-compare": "^3.2.0",
        "victory-core": "37.3.6",
        "victory-tooltip": "37.3.6"
      },
      "engines": {
        "node": ">=18.0.0"
      },
      "peerDependencies": {
        "react": ">=16.6.0"
      }
    },
    "node_modules/victory-zoom-container": {
      "version": "37.3.6",
      "resolved": "https://registry.npmjs.org/victory-zoom-container/-/victory-zoom-container-37.3.6.tgz",
      "integrity": "sha512-AGL+k20mI44OL5b0VgIxlmnNSefIoFmbbim5NraPmIxbtns9qQW/56ivIncJcYomBungIx99gUpsEpcQaMNHgQ==",
      "dependencies": {
        "lodash": "^4.17.19",
        "victory-core": "37.3.6"
      },
      "engines": {
        "node": ">=18.0.0"
      },
      "peerDependencies": {
        "react": ">=16.6.0"
      }
    },
    "node_modules/wrap-ansi": {
      "version": "7.0.0",
      "resolved": "https://registry.npmjs.org/wrap-ansi/-/wrap-ansi-7.0.0.tgz",
      "integrity": "sha512-YVGIj2kamLSTxw6NsZjoBxfSwsn0ycdesmc4p+Q21c5zPuZ1pl+NfxVdxPtdHvmNVOQ6XSYG4AUtyt/Fi7D16Q==",
      "dev": true,
      "dependencies": {
        "ansi-styles": "^4.0.0",
        "string-width": "^4.1.0",
        "strip-ansi": "^6.0.0"
      },
      "engines": {
        "node": ">=10"
      },
      "funding": {
        "url": "https://github.com/chalk/wrap-ansi?sponsor=1"
      }
    },
    "node_modules/y18n": {
      "version": "5.0.8",
      "resolved": "https://registry.npmjs.org/y18n/-/y18n-5.0.8.tgz",
      "integrity": "sha512-0pfFzegeDWJHJIAmTLRP2DwHjdF5s7jo9tuztdQxAhINCdvS+3nGINqPd00AphqJR/0LhANUS6/+7SCb98YOfA==",
      "dev": true,
      "engines": {
        "node": ">=10"
      }
    },
    "node_modules/yargs": {
      "version": "17.7.2",
      "resolved": "https://registry.npmjs.org/yargs/-/yargs-17.7.2.tgz",
      "integrity": "sha512-7dSzzRQ++CKnNI/krKnYRV7JKKPUXMEh61soaHKg9mrWEhzFWhFnxPxGl+69cD1Ou63C13NUPCnmIcrvqCuM6w==",
      "dev": true,
      "dependencies": {
        "cliui": "^8.0.1",
        "escalade": "^3.1.1",
        "get-caller-file": "^2.0.5",
        "require-directory": "^2.1.1",
        "string-width": "^4.2.3",
        "y18n": "^5.0.5",
        "yargs-parser": "^21.1.1"
      },
      "engines": {
        "node": ">=12"
      }
    },
    "node_modules/yargs-parser": {
      "version": "21.1.1",
      "resolved": "https://registry.npmjs.org/yargs-parser/-/yargs-parser-21.1.1.tgz",
      "integrity": "sha512-tVpsJW7DdjecAiFpbIB1e3qxIQsE6NoPc5/eTdrbbIC4h0LVsWhnoa3g+m2HclBIujHzsxZ4VJVA+GUuc2/LBw==",
      "dev": true,
      "engines": {
        "node": ">=12"
      }
    }
  }
}
